PODS:
  - Embassy (4.0.8)
  - EnvoyAmbassador (4.0.5):
    - Embassy (~> 4.0)

DEPENDENCIES:
  - Embassy (~> 4.0)
  - EnvoyAmbassador (~> 4.0)

SPEC REPOS:
  https://github.com/cocoapods/specs.git:
    - Embassy
    - EnvoyAmbassador

SPEC CHECKSUMS:
  Embassy: fe6a3f8dd2d705881c172dcb144fb97b9408f4cd
  EnvoyAmbassador: 21cef10e70d003801c68ba5281948684a4e25486

PODFILE CHECKSUM: 88b7b1caeb473318a647f68fedc4760c7242f468

COCOAPODS: 1.5.3
